// !$*UTF8*$!
{
	archiveVersion = 1;
	classes = {
	};
	objectVersion = 50;
	objects = {

/* Begin PBXBuildFile section */
		75763FB023241AC900A0A16E /* CreateGroupsVC.swift in Sources */ = {isa = PBXBuildFile; fileRef = 75763FAF23241AC900A0A16E /* CreateGroupsVC.swift */; };
		75A047812323AA5F000999FC /* DataService.swift in Sources */ = {isa = PBXBuildFile; fileRef = 75A047802323AA5F000999FC /* DataService.swift */; };
		75A047832323C56B000999FC /* AuthVC.swift in Sources */ = {isa = PBXBuildFile; fileRef = 75A047822323C56B000999FC /* AuthVC.swift */; };
		75A047852323C5AB000999FC /* LoginVC.swift in Sources */ = {isa = PBXBuildFile; fileRef = 75A047842323C5AB000999FC /* LoginVC.swift */; };
		75A047872323C617000999FC /* InsetTextField.swift in Sources */ = {isa = PBXBuildFile; fileRef = 75A047862323C617000999FC /* InsetTextField.swift */; };
		75A047892323C97C000999FC /* ShadowView.swift in Sources */ = {isa = PBXBuildFile; fileRef = 75A047882323C97C000999FC /* ShadowView.swift */; };
		75A0478B2323D00F000999FC /* AuthServices.swift in Sources */ = {isa = PBXBuildFile; fileRef = 75A0478A2323D00F000999FC /* AuthServices.swift */; };
		75A0478D2323E779000999FC /* MeVC.swift in Sources */ = {isa = PBXBuildFile; fileRef = 75A0478C2323E779000999FC /* MeVC.swift */; };
		75A047912323F960000999FC /* UIViewExt.swift in Sources */ = {isa = PBXBuildFile; fileRef = 75A047902323F960000999FC /* UIViewExt.swift */; };
		75A047932323FE18000999FC /* CreatePostVC.swift in Sources */ = {isa = PBXBuildFile; fileRef = 75A047922323FE18000999FC /* CreatePostVC.swift */; };
		75A04795232402E8000999FC /* FeedCell.swift in Sources */ = {isa = PBXBuildFile; fileRef = 75A04794232402E8000999FC /* FeedCell.swift */; };
		75A04797232407FB000999FC /* Message.swift in Sources */ = {isa = PBXBuildFile; fileRef = 75A04796232407FB000999FC /* Message.swift */; };
		75F4B53223241F0A00F1AE74 /* UserCell.swift in Sources */ = {isa = PBXBuildFile; fileRef = 75F4B53123241F0A00F1AE74 /* UserCell.swift */; };
		75F8719C2323A4A100000719 /* AppDelegate.swift in Sources */ = {isa = PBXBuildFile; fileRef = 75F8719B2323A4A100000719 /* AppDelegate.swift */; };
		75F8719E2323A4A100000719 /* FeedVC.swift in Sources */ = {isa = PBXBuildFile; fileRef = 75F8719D2323A4A100000719 /* FeedVC.swift */; };
		75F871A02323A4A100000719 /* GroupsVC.swift in Sources */ = {isa = PBXBuildFile; fileRef = 75F8719F2323A4A100000719 /* GroupsVC.swift */; };
		75F871A32323A4A100000719 /* Main.storyboard in Resources */ = {isa = PBXBuildFile; fileRef = 75F871A12323A4A100000719 /* Main.storyboard */; };
		75F871A52323A4A300000719 /* Assets.xcassets in Resources */ = {isa = PBXBuildFile; fileRef = 75F871A42323A4A300000719 /* Assets.xcassets */; };
		75F871A82323A4A300000719 /* LaunchScreen.storyboard in Resources */ = {isa = PBXBuildFile; fileRef = 75F871A62323A4A300000719 /* LaunchScreen.storyboard */; };
		75F871B62323A75700000719 /* GoogleService-Info.plist in Resources */ = {isa = PBXBuildFile; fileRef = 75F871B52323A75700000719 /* GoogleService-Info.plist */; };
		AC8C8057A762D8B10CBA9E7F /* Pods_breakpoint.framework in Frameworks */ = {isa = PBXBuildFile; fileRef = 619A37BDCF831185EFA12AE4 /* Pods_breakpoint.framework */; };
/* End PBXBuildFile section */

/* Begin PBXFileReference section */
		619A37BDCF831185EFA12AE4 /* Pods_breakpoint.framework */ = {isa = PBXFileReference; explicitFileType = wrapper.framework; includeInIndex = 0; path = Pods_breakpoint.framework; sourceTree = BUILT_PRODUCTS_DIR; };
		75763FAF23241AC900A0A16E /* CreateGroupsVC.swift */ = {isa = PBXFileReference; lastKnownFileType = sourcecode.swift; path = CreateGroupsVC.swift; sourceTree = "<group>"; };
		75A047802323AA5F000999FC /* DataService.swift */ = {isa = PBXFileReference; lastKnownFileType = sourcecode.swift; path = DataService.swift; sourceTree = "<group>"; };
		75A047822323C56B000999FC /* AuthVC.swift */ = {isa = PBXFileReference; lastKnownFileType = sourcecode.swift; path = AuthVC.swift; sourceTree = "<group>"; };
		75A047842323C5AB000999FC /* LoginVC.swift */ = {isa = PBXFileReference; lastKnownFileType = sourcecode.swift; path = LoginVC.swift; sourceTree = "<group>"; };
		75A047862323C617000999FC /* InsetTextField.swift */ = {isa = PBXFileReference; lastKnownFileType = sourcecode.swift; path = InsetTextField.swift; sourceTree = "<group>"; };
		75A047882323C97C000999FC /* ShadowView.swift */ = {isa = PBXFileReference; lastKnownFileType = sourcecode.swift; path = ShadowView.swift; sourceTree = "<group>"; };
		75A0478A2323D00F000999FC /* AuthServices.swift */ = {isa = PBXFileReference; lastKnownFileType = sourcecode.swift; path = AuthServices.swift; sourceTree = "<group>"; };
		75A0478C2323E779000999FC /* MeVC.swift */ = {isa = PBXFileReference; lastKnownFileType = sourcecode.swift; path = MeVC.swift; sourceTree = "<group>"; };
		75A047902323F960000999FC /* UIViewExt.swift */ = {isa = PBXFileReference; lastKnownFileType = sourcecode.swift; path = UIViewExt.swift; sourceTree = "<group>"; };
		75A047922323FE18000999FC /* CreatePostVC.swift */ = {isa = PBXFileReference; lastKnownFileType = sourcecode.swift; path = CreatePostVC.swift; sourceTree = "<group>"; };
		75A04794232402E8000999FC /* FeedCell.swift */ = {isa = PBXFileReference; lastKnownFileType = sourcecode.swift; path = FeedCell.swift; sourceTree = "<group>"; };
		75A04796232407FB000999FC /* Message.swift */ = {isa = PBXFileReference; lastKnownFileType = sourcecode.swift; path = Message.swift; sourceTree = "<group>"; };
		75F4B53123241F0A00F1AE74 /* UserCell.swift */ = {isa = PBXFileReference; lastKnownFileType = sourcecode.swift; path = UserCell.swift; sourceTree = "<group>"; };
		75F871982323A4A100000719 /* breakpoint.app */ = {isa = PBXFileReference; explicitFileType = wrapper.application; includeInIndex = 0; path = breakpoint.app; sourceTree = BUILT_PRODUCTS_DIR; };
		75F8719B2323A4A100000719 /* AppDelegate.swift */ = {isa = PBXFileReference; lastKnownFileType = sourcecode.swift; path = AppDelegate.swift; sourceTree = "<group>"; };
		75F8719D2323A4A100000719 /* FeedVC.swift */ = {isa = PBXFileReference; lastKnownFileType = sourcecode.swift; path = FeedVC.swift; sourceTree = "<group>"; };
		75F8719F2323A4A100000719 /* GroupsVC.swift */ = {isa = PBXFileReference; lastKnownFileType = sourcecode.swift; path = GroupsVC.swift; sourceTree = "<group>"; };
		75F871A22323A4A100000719 /* Base */ = {isa = PBXFileReference; lastKnownFileType = file.storyboard; name = Base; path = Base.lproj/Main.storyboard; sourceTree = "<group>"; };
		75F871A42323A4A300000719 /* Assets.xcassets */ = {isa = PBXFileReference; lastKnownFileType = folder.assetcatalog; path = Assets.xcassets; sourceTree = "<group>"; };
		75F871A72323A4A300000719 /* Base */ = {isa = PBXFileReference; lastKnownFileType = file.storyboard; name = Base; path = Base.lproj/LaunchScreen.storyboard; sourceTree = "<group>"; };
		75F871A92323A4A300000719 /* Info.plist */ = {isa = PBXFileReference; lastKnownFileType = text.plist.xml; path = Info.plist; sourceTree = "<group>"; };
		75F871B52323A75700000719 /* GoogleService-Info.plist */ = {isa = PBXFileReference; fileEncoding = 4; lastKnownFileType = text.plist.xml; path = "GoogleService-Info.plist"; sourceTree = "<group>"; };
		98489D49EA018B6137F53995 /* Pods-breakpoint.debug.xcconfig */ = {isa = PBXFileReference; includeInIndex = 1; lastKnownFileType = text.xcconfig; name = "Pods-breakpoint.debug.xcconfig"; path = "Pods/Target Support Files/Pods-breakpoint/Pods-breakpoint.debug.xcconfig"; sourceTree = "<group>"; };
		CE014AF938956531AFCE542E /* Pods-breakpoint.release.xcconfig */ = {isa = PBXFileReference; includeInIndex = 1; lastKnownFileType = text.xcconfig; name = "Pods-breakpoint.release.xcconfig"; path = "Pods/Target Support Files/Pods-breakpoint/Pods-breakpoint.release.xcconfig"; sourceTree = "<group>"; };
/* End PBXFileReference section */

/* Begin PBXFrameworksBuildPhase section */
		75F871952323A4A100000719 /* Frameworks */ = {
			isa = PBXFrameworksBuildPhase;
			buildActionMask = 2147483647;
			files = (
				AC8C8057A762D8B10CBA9E7F /* Pods_breakpoint.framework in Frameworks */,
			);
			runOnlyForDeploymentPostprocessing = 0;
		};
/* End PBXFrameworksBuildPhase section */

/* Begin PBXGroup section */
		6DB6F3E525405648A0D48E42 /* Pods */ = {
			isa = PBXGroup;
			children = (
				98489D49EA018B6137F53995 /* Pods-breakpoint.debug.xcconfig */,
				CE014AF938956531AFCE542E /* Pods-breakpoint.release.xcconfig */,
			);
			name = Pods;
			sourceTree = "<group>";
		};
		75F8718F2323A4A100000719 = {
			isa = PBXGroup;
			children = (
				75F8719A2323A4A100000719 /* breakpoint */,
				75F871992323A4A100000719 /* Products */,
				6DB6F3E525405648A0D48E42 /* Pods */,
				BD943DF8AF9CCF25AF03BD41 /* Frameworks */,
			);
			sourceTree = "<group>";
		};
		75F871992323A4A100000719 /* Products */ = {
			isa = PBXGroup;
			children = (
				75F871982323A4A100000719 /* breakpoint.app */,
			);
			name = Products;
			sourceTree = "<group>";
		};
		75F8719A2323A4A100000719 /* breakpoint */ = {
			isa = PBXGroup;
			children = (
				75F871B42323A5C000000719 /* Services */,
				75F871B32323A59600000719 /* Extensions */,
				75F871B22323A59000000719 /* Model */,
				75F871B12323A58800000719 /* View */,
				75F871AF2323A55C00000719 /* Controller */,
				75F8719B2323A4A100000719 /* AppDelegate.swift */,
				75F871A12323A4A100000719 /* Main.storyboard */,
				75F871A42323A4A300000719 /* Assets.xcassets */,
				75F871A62323A4A300000719 /* LaunchScreen.storyboard */,
				75F871A92323A4A300000719 /* Info.plist */,
				75F871B52323A75700000719 /* GoogleService-Info.plist */,
			);
			path = breakpoint;
			sourceTree = "<group>";
		};
		75F871AF2323A55C00000719 /* Controller */ = {
			isa = PBXGroup;
			children = (
				75F8719D2323A4A100000719 /* FeedVC.swift */,
				75F8719F2323A4A100000719 /* GroupsVC.swift */,
				75A047822323C56B000999FC /* AuthVC.swift */,
				75A047842323C5AB000999FC /* LoginVC.swift */,
				75A0478C2323E779000999FC /* MeVC.swift */,
				75A047922323FE18000999FC /* CreatePostVC.swift */,
				75763FAF23241AC900A0A16E /* CreateGroupsVC.swift */,
			);
			path = Controller;
			sourceTree = "<group>";
		};
		75F871B12323A58800000719 /* View */ = {
			isa = PBXGroup;
			children = (
				75A047862323C617000999FC /* InsetTextField.swift */,
				75A047882323C97C000999FC /* ShadowView.swift */,
				75A04794232402E8000999FC /* FeedCell.swift */,
				75F4B53123241F0A00F1AE74 /* UserCell.swift */,
			);
			path = View;
			sourceTree = "<group>";
		};
		75F871B22323A59000000719 /* Model */ = {
			isa = PBXGroup;
			children = (
				75A04796232407FB000999FC /* Message.swift */,
			);
			path = Model;
			sourceTree = "<group>";
		};
		75F871B32323A59600000719 /* Extensions */ = {
			isa = PBXGroup;
			children = (
				75A047902323F960000999FC /* UIViewExt.swift */,
			);
			path = Extensions;
			sourceTree = "<group>";
		};
		75F871B42323A5C000000719 /* Services */ = {
			isa = PBXGroup;
			children = (
				75A047802323AA5F000999FC /* DataService.swift */,
				75A0478A2323D00F000999FC /* AuthServices.swift */,
			);
			path = Services;
			sourceTree = "<group>";
		};
		BD943DF8AF9CCF25AF03BD41 /* Frameworks */ = {
			isa = PBXGroup;
			children = (
				619A37BDCF831185EFA12AE4 /* Pods_breakpoint.framework */,
			);
			name = Frameworks;
			sourceTree = "<group>";
		};
/* End PBXGroup section */

/* Begin PBXNativeTarget section */
		75F871972323A4A100000719 /* breakpoint */ = {
			isa = PBXNativeTarget;
			buildConfigurationList = 75F871AC2323A4A300000719 /* Build configuration list for PBXNativeTarget "breakpoint" */;
			buildPhases = (
				78A5F823740E55C5C89960C6 /* [CP] Check Pods Manifest.lock */,
				75F871942323A4A100000719 /* Sources */,
				75F871952323A4A100000719 /* Frameworks */,
				75F871962323A4A100000719 /* Resources */,
				9D3DA359EB03CBE1A373B493 /* [CP] Embed Pods Frameworks */,
			);
			buildRules = (
			);
			dependencies = (
			);
			name = breakpoint;
			productName = breakpoint;
			productReference = 75F871982323A4A100000719 /* breakpoint.app */;
			productType = "com.apple.product-type.application";
		};
/* End PBXNativeTarget section */

/* Begin PBXProject section */
		75F871902323A4A100000719 /* Project object */ = {
			isa = PBXProject;
			attributes = {
				LastSwiftUpdateCheck = 0940;
				LastUpgradeCheck = 0940;
				ORGANIZATIONNAME = "Molnár Csaba";
				TargetAttributes = {
					75F871972323A4A100000719 = {
						CreatedOnToolsVersion = 9.4.1;
					};
				};
			};
			buildConfigurationList = 75F871932323A4A100000719 /* Build configuration list for PBXProject "breakpoint" */;
			compatibilityVersion = "Xcode 9.3";
			developmentRegion = en;
			hasScannedForEncodings = 0;
			knownRegions = (
				en,
				Base,
			);
			mainGroup = 75F8718F2323A4A100000719;
			productRefGroup = 75F871992323A4A100000719 /* Products */;
			projectDirPath = "";
			projectRoot = "";
			targets = (
				75F871972323A4A100000719 /* breakpoint */,
			);
		};
/* End PBXProject section */

/* Begin PBXResourcesBuildPhase section */
		75F871962323A4A100000719 /* Resources */ = {
			isa = PBXResourcesBuildPhase;
			buildActionMask = 2147483647;
			files = (
				75F871A82323A4A300000719 /* LaunchScreen.storyboard in Resources */,
				75F871B62323A75700000719 /* GoogleService-Info.plist in Resources */,
				75F871A52323A4A300000719 /* Assets.xcassets in Resources */,
				75F871A32323A4A100000719 /* Main.storyboard in Resources */,
			);
			runOnlyForDeploymentPostprocessing = 0;
		};
/* End PBXResourcesBuildPhase section */

/* Begin PBXShellScriptBuildPhase section */
		78A5F823740E55C5C89960C6 /* [CP] Check Pods Manifest.lock */ = {
			isa = PBXShellScriptBuildPhase;
			buildActionMask = 2147483647;
			files = (
			);
			inputPaths = (
				"${PODS_PODFILE_DIR_PATH}/Podfile.lock",
				"${PODS_ROOT}/Manifest.lock",
			);
			name = "[CP] Check Pods Manifest.lock";
			outputPaths = (
				"$(DERIVED_FILE_DIR)/Pods-breakpoint-checkManifestLockResult.txt",
			);
			runOnlyForDeploymentPostprocessing = 0;
			shellPath = /bin/sh;
			shellScript = "diff \"${PODS_PODFILE_DIR_PATH}/Podfile.lock\" \"${PODS_ROOT}/Manifest.lock\" > /dev/null\nif [ $? != 0 ] ; then\n    # print error to STDERR\n    echo \"error: The sandbox is not in sync with the Podfile.lock. Run 'pod install' or update your CocoaPods installation.\" >&2\n    exit 1\nfi\n# This output is used by Xcode 'outputs' to avoid re-running this script phase.\necho \"SUCCESS\" > \"${SCRIPT_OUTPUT_FILE_0}\"\n";
			showEnvVarsInLog = 0;
		};
		9D3DA359EB03CBE1A373B493 /* [CP] Embed Pods Frameworks */ = {
			isa = PBXShellScriptBuildPhase;
			buildActionMask = 2147483647;
			files = (
			);
			inputPaths = (
				"${SRCROOT}/Pods/Target Support Files/Pods-breakpoint/Pods-breakpoint-frameworks.sh",
				"${BUILT_PRODUCTS_DIR}/GTMSessionFetcher/GTMSessionFetcher.framework",
				"${BUILT_PRODUCTS_DIR}/GoogleUtilities/GoogleUtilities.framework",
				"${BUILT_PRODUCTS_DIR}/leveldb-library/leveldb.framework",
				"${BUILT_PRODUCTS_DIR}/nanopb/nanopb.framework",
			);
			name = "[CP] Embed Pods Frameworks";
			outputPaths = (
				"${TARGET_BUILD_DIR}/${FRAMEWORKS_FOLDER_PATH}/GTMSessionFetcher.framework",
				"${TARGET_BUILD_DIR}/${FRAMEWORKS_FOLDER_PATH}/GoogleUtilities.framework",
				"${TARGET_BUILD_DIR}/${FRAMEWORKS_FOLDER_PATH}/leveldb.framework",
				"${TARGET_BUILD_DIR}/${FRAMEWORKS_FOLDER_PATH}/nanopb.framework",
			);
			runOnlyForDeploymentPostprocessing = 0;
			shellPath = /bin/sh;
			shellScript = "\"${SRCROOT}/Pods/Target Support Files/Pods-breakpoint/Pods-breakpoint-frameworks.sh\"\n";
			showEnvVarsInLog = 0;
		};
/* End PBXShellScriptBuildPhase section */

/* Begin PBXSourcesBuildPhase section */
		75F871942323A4A100000719 /* Sources */ = {
			isa = PBXSourcesBuildPhase;
			buildActionMask = 2147483647;
			files = (
				75A047912323F960000999FC /* UIViewExt.swift in Sources */,
				75A04795232402E8000999FC /* FeedCell.swift in Sources */,
				75A0478D2323E779000999FC /* MeVC.swift in Sources */,
				75A047932323FE18000999FC /* CreatePostVC.swift in Sources */,
				75A047832323C56B000999FC /* AuthVC.swift in Sources */,
				75F871A02323A4A100000719 /* GroupsVC.swift in Sources */,
				75A047852323C5AB000999FC /* LoginVC.swift in Sources */,
				75763FB023241AC900A0A16E /* CreateGroupsVC.swift in Sources */,
				75F4B53223241F0A00F1AE74 /* UserCell.swift in Sources */,
				75F8719C2323A4A100000719 /* AppDelegate.swift in Sources */,
				75A047892323C97C000999FC /* ShadowView.swift in Sources */,
				75F8719E2323A4A100000719 /* FeedVC.swift in Sources */,
				75A0478B2323D00F000999FC /* AuthServices.swift in Sources */,
				75A047872323C617000999FC /* InsetTextField.swift in Sources */,
				75A047812323AA5F000999FC /* DataService.swift in Sources */,
				75A04797232407FB000999FC /* Message.swift in Sources */,
			);
			runOnlyForDeploymentPostprocessing = 0;
		};
/* End PBXSourcesBuildPhase section */

/* Begin PBXVariantGroup section */
		75F871A12323A4A100000719 /* Main.storyboard */ = {
			isa = PBXVariantGroup;
			children = (
				75F871A22323A4A100000719 /* Base */,
			);
			name = Main.storyboard;
			sourceTree = "<group>";
		};
		75F871A62323A4A300000719 /* LaunchScreen.storyboard */ = {
			isa = PBXVariantGroup;
			children = (
				75F871A72323A4A300000719 /* Base */,
			);
			name = LaunchScreen.storyboard;
			sourceTree = "<group>";
		};
/* End PBXVariantGroup section */

/* Begin XCBuildConfiguration section */
		75F871AA2323A4A300000719 /* Debug */ = {
			isa = XCBuildConfiguration;
			buildSettings = {
				ALWAYS_SEARCH_USER_PATHS = NO;
				CLANG_ANALYZER_NONNULL = YES;
				CLANG_ANALYZER_NUMBER_OBJECT_CONVERSION = YES_AGGRESSIVE;
				CLANG_CXX_LANGUAGE_STANDARD = "gnu++14";
				CLANG_CXX_LIBRARY = "libc++";
				CLANG_ENABLE_MODULES = YES;
				CLANG_ENABLE_OBJC_ARC = YES;
				CLANG_ENABLE_OBJC_WEAK = YES;
				CLANG_WARN_BLOCK_CAPTURE_AUTORELEASING = YES;
				CLANG_WARN_BOOL_CONVERSION = YES;
				CLANG_WARN_COMMA = YES;
				CLANG_WARN_CONSTANT_CONVERSION = YES;
				CLANG_WARN_DEPRECATED_OBJC_IMPLEMENTATIONS = YES;
				CLANG_WARN_DIRECT_OBJC_ISA_USAGE = YES_ERROR;
				CLANG_WARN_DOCUMENTATION_COMMENTS = YES;
				CLANG_WARN_EMPTY_BODY = YES;
				CLANG_WARN_ENUM_CONVERSION = YES;
				CLANG_WARN_INFINITE_RECURSION = YES;
				CLANG_WARN_INT_CONVERSION = YES;
				CLANG_WARN_NON_LITERAL_NULL_CONVERSION = YES;
				CLANG_WARN_OBJC_IMPLICIT_RETAIN_SELF = YES;
				CLANG_WARN_OBJC_LITERAL_CONVERSION = YES;
				CLANG_WARN_OBJC_ROOT_CLASS = YES_ERROR;
				CLANG_WARN_RANGE_LOOP_ANALYSIS = YES;
				CLANG_WARN_STRICT_PROTOTYPES = YES;
				CLANG_WARN_SUSPICIOUS_MOVE = YES;
				CLANG_WARN_UNGUARDED_AVAILABILITY = YES_AGGRESSIVE;
				CLANG_WARN_UNREACHABLE_CODE = YES;
				CLANG_WARN__DUPLICATE_METHOD_MATCH = YES;
				CODE_SIGN_IDENTITY = "iPhone Developer";
				COPY_PHASE_STRIP = NO;
				DEBUG_INFORMATION_FORMAT = dwarf;
				ENABLE_STRICT_OBJC_MSGSEND = YES;
				ENABLE_TESTABILITY = YES;
				GCC_C_LANGUAGE_STANDARD = gnu11;
				GCC_DYNAMIC_NO_PIC = NO;
				GCC_NO_COMMON_BLOCKS = YES;
				GCC_OPTIMIZATION_LEVEL = 0;
				GCC_PREPROCESSOR_DEFINITIONS = (
					"DEBUG=1",
					"$(inherited)",
				);
				GCC_WARN_64_TO_32_BIT_CONVERSION = YES;
				GCC_WARN_ABOUT_RETURN_TYPE = YES_ERROR;
				GCC_WARN_UNDECLARED_SELECTOR = YES;
				GCC_WARN_UNINITIALIZED_AUTOS = YES_AGGRESSIVE;
				GCC_WARN_UNUSED_FUNCTION = YES;
				GCC_WARN_UNUSED_VARIABLE = YES;
				IPHONEOS_DEPLOYMENT_TARGET = 11.4;
				MTL_ENABLE_DEBUG_INFO = YES;
				ONLY_ACTIVE_ARCH = YES;
				SDKROOT = iphoneos;
				SWIFT_ACTIVE_COMPILATION_CONDITIONS = DEBUG;
				SWIFT_OPTIMIZATION_LEVEL = "-Onone";
			};
			name = Debug;
		};
		75F871AB2323A4A300000719 /* Release */ = {
			isa = XCBuildConfiguration;
			buildSettings = {
				ALWAYS_SEARCH_USER_PATHS = NO;
				CLANG_ANALYZER_NONNULL = YES;
				CLANG_ANALYZER_NUMBER_OBJECT_CONVERSION = YES_AGGRESSIVE;
				CLANG_CXX_LANGUAGE_STANDARD = "gnu++14";
				CLANG_CXX_LIBRARY = "libc++";
				CLANG_ENABLE_MODULES = YES;
				CLANG_ENABLE_OBJC_ARC = YES;
				CLANG_ENABLE_OBJC_WEAK = YES;
				CLANG_WARN_BLOCK_CAPTURE_AUTORELEASING = YES;
				CLANG_WARN_BOOL_CONVERSION = YES;
				CLANG_WARN_COMMA = YES;
				CLANG_WARN_CONSTANT_CONVERSION = YES;
				CLANG_WARN_DEPRECATED_OBJC_IMPLEMENTATIONS = YES;
				CLANG_WARN_DIRECT_OBJC_ISA_USAGE = YES_ERROR;
				CLANG_WARN_DOCUMENTATION_COMMENTS = YES;
				CLANG_WARN_EMPTY_BODY = YES;
				CLANG_WARN_ENUM_CONVERSION = YES;
				CLANG_WARN_INFINITE_RECURSION = YES;
				CLANG_WARN_INT_CONVERSION = YES;
				CLANG_WARN_NON_LITERAL_NULL_CONVERSION = YES;
				CLANG_WARN_OBJC_IMPLICIT_RETAIN_SELF = YES;
				CLANG_WARN_OBJC_LITERAL_CONVERSION = YES;
				CLANG_WARN_OBJC_ROOT_CLASS = YES_ERROR;
				CLANG_WARN_RANGE_LOOP_ANALYSIS = YES;
				CLANG_WARN_STRICT_PROTOTYPES = YES;
				CLANG_WARN_SUSPICIOUS_MOVE = YES;
				CLANG_WARN_UNGUARDED_AVAILABILITY = YES_AGGRESSIVE;
				CLANG_WARN_UNREACHABLE_CODE = YES;
				CLANG_WARN__DUPLICATE_METHOD_MATCH = YES;
				CODE_SIGN_IDENTITY = "iPhone Developer";
				COPY_PHASE_STRIP = NO;
				DEBUG_INFORMATION_FORMAT = "dwarf-with-dsym";
				ENABLE_NS_ASSERTIONS = NO;
				ENABLE_STRICT_OBJC_MSGSEND = YES;
				GCC_C_LANGUAGE_STANDARD = gnu11;
				GCC_NO_COMMON_BLOCKS = YES;
				GCC_WARN_64_TO_32_BIT_CONVERSION = YES;
				GCC_WARN_ABOUT_RETURN_TYPE = YES_ERROR;
				GCC_WARN_UNDECLARED_SELECTOR = YES;
				GCC_WARN_UNINITIALIZED_AUTOS = YES_AGGRESSIVE;
				GCC_WARN_UNUSED_FUNCTION = YES;
				GCC_WARN_UNUSED_VARIABLE = YES;
				IPHONEOS_DEPLOYMENT_TARGET = 11.4;
				MTL_ENABLE_DEBUG_INFO = NO;
				SDKROOT = iphoneos;
				SWIFT_COMPILATION_MODE = wholemodule;
				SWIFT_OPTIMIZATION_LEVEL = "-O";
				VALIDATE_PRODUCT = YES;
			};
			name = Release;
		};
		75F871AD2323A4A300000719 /* Debug */ = {
			isa = XCBuildConfiguration;
			baseConfigurationReference = 98489D49EA018B6137F53995 /* Pods-breakpoint.debug.xcconfig */;
			buildSettings = {
				ASSETCATALOG_COMPILER_APPICON_NAME = AppIcon;
				CODE_SIGN_STYLE = Automatic;
				INFOPLIST_FILE = breakpoint/Info.plist;
				LD_RUNPATH_SEARCH_PATHS = (
					"$(inherited)",
					"@executable_path/Frameworks",
				);
				PRODUCT_BUNDLE_IDENTIFIER = Ironbatpug.breakpoint;
				PRODUCT_NAME = "$(TARGET_NAME)";
				SWIFT_VERSION = 4.0;
				TARGETED_DEVICE_FAMILY = "1,2";
			};
			name = Debug;
		};
		75F871AE2323A4A300000719 /* Release */ = {
			isa = XCBuildConfiguration;
			baseConfigurationReference = CE014AF938956531AFCE542E /* Pods-breakpoint.release.xcconfig */;
			buildSettings = {
				ASSETCATALOG_COMPILER_APPICON_NAME = AppIcon;
				CODE_SIGN_STYLE = Automatic;
				INFOPLIST_FILE = breakpoint/Info.plist;
				LD_RUNPATH_SEARCH_PATHS = (
					"$(inherited)",
					"@executable_path/Frameworks",
				);
				PRODUCT_BUNDLE_IDENTIFIER = Ironbatpug.breakpoint;
				PRODUCT_NAME = "$(TARGET_NAME)";
				SWIFT_VERSION = 4.0;
				TARGETED_DEVICE_FAMILY = "1,2";
			};
			name = Release;
		};
/* End XCBuildConfiguration section */

/* Begin XCConfigurationList section */
		75F871932323A4A100000719 /* Build configuration list for PBXProject "breakpoint" */ = {
			isa = XCConfigurationList;
			buildConfigurations = (
				75F871AA2323A4A300000719 /* Debug */,
				75F871AB2323A4A300000719 /* Release */,
			);
			defaultConfigurationIsVisible = 0;
			defaultConfigurationName = Release;
		};
		75F871AC2323A4A300000719 /* Build configuration list for PBXNativeTarget "breakpoint" */ = {
			isa = XCConfigurationList;
			buildConfigurations = (
				75F871AD2323A4A300000719 /* Debug */,
				75F871AE2323A4A300000719 /* Release */,
			);
			defaultConfigurationIsVisible = 0;
			defaultConfigurationName = Release;
		};
/* End XCConfigurationList section */
	};
	rootObject = 75F871902323A4A100000719 /* Project object */;
}
